
Microsoft Visual Studio Solution File, Format Version 12.00
# Visual Studio Version 16
VisualStudioVersion = 16.0.28729.10
MinimumVisualStudioVersion = 10.0.40219.1
Project("{9A19103F-16F7-4668-BE54-9A1E7A4F7556}") = "Loblaws.Biz", "Loblaws.Biz\Loblaws.Biz.csproj", "{92A93EC4-8E8A-42DB-AC13-3F1A9BE09BA1}"
EndProject
Project("{9A19103F-16F7-4668-BE54-9A1E7A4F7556}") = "Loblaws.Biz.Tests", "Loblaws.Biz.Tests\Loblaws.Biz.Tests.csproj", "{DF1F9C89-9255-46E9-BC85-546973EC0164}"
EndProject
Project("{9A19103F-16F7-4668-BE54-9A1E7A4F7556}") = "Loblaws.Wpf", "Loblaws.Wpf\Loblaws.Wpf.csproj", "{80B71427-419C-42E9-9E03-A94B455FB269}"
EndProject
Global
	GlobalSection(SolutionConfigurationPlatforms) = preSolution
		Debug|Any CPU = Debug|Any CPU
		Release|Any CPU = Release|Any CPU
	EndGlobalSection
	GlobalSection(ProjectConfigurationPlatforms) = postSolution
		{92A93EC4-8E8A-42DB-AC13-3F1A9BE09BA1}.Debug|Any CPU.ActiveCfg = Debug|Any CPU
		{92A93EC4-8E8A-42DB-AC13-3F1A9BE09BA1}.Debug|Any CPU.Build.0 = Debug|Any CPU
		{92A93EC4-8E8A-42DB-AC13-3F1A9BE09BA1}.Release|Any CPU.ActiveCfg = Release|Any CPU
		{92A93EC4-8E8A-42DB-AC13-3F1A9BE09BA1}.Release|Any CPU.Build.0 = Release|Any CPU
		{DF1F9C89-9255-46E9-BC85-546973EC0164}.Debug|Any CPU.ActiveCfg = Debug|Any CPU
		{DF1F9C89-9255-46E9-BC85-546973EC0164}.Debug|Any CPU.Build.0 = Debug|Any CPU
		{DF1F9C89-9255-46E9-BC85-546973EC0164}.Release|Any CPU.ActiveCfg = Release|Any CPU
		{DF1F9C89-9255-46E9-BC85-546973EC0164}.Release|Any CPU.Build.0 = Release|Any CPU
		{80B71427-419C-42E9-9E03-A94B455FB269}.Debug|Any CPU.ActiveCfg = Debug|Any CPU
		{80B71427-419C-42E9-9E03-A94B455FB269}.Debug|Any CPU.Build.0 = Debug|Any CPU
		{80B71427-419C-42E9-9E03-A94B455FB269}.Release|Any CPU.ActiveCfg = Release|Any CPU
		{80B71427-419C-42E9-9E03-A94B455FB269}.Release|Any CPU.Build.0 = Release|Any CPU
	EndGlobalSection
	GlobalSection(SolutionProperties) = preSolution
		HideSolutionNode = FALSE
	EndGlobalSection
	GlobalSection(ExtensibilityGlobals) = postSolution
		SolutionGuid = {51DC0747-6F74-4456-946A-64CC296A6504}
	EndGlobalSection
EndGlobal
